github.com/wkqco33/LLM_client_go v0.1.0 h1:oYw6sSe5yinBu+FtSQw2TJ6wW8XSqDA516L4ikSmyEc=
github.com/wkqco33/LLM_client_go v0.1.0/go.mod h1:Se3UP/dQmR0JKLuTeO4WAeo8Kw8hT9QxdT9JR1uRSTU=
github.com/wkqco33/wcli v0.2.0 h1:f4hbJ8XtNTDXLInnftAaKeJwmWu5VaTa5QxSmrKbGUY=
github.com/wkqco33/wcli v0.2.0/go.mod h1:4ENGpQ6fBCBNJxfMEYqro1SrosRjrrEreGeJXQsoolo=
